
Microsoft Visual Studio Solution File, Format Version 12.00
# Visual Studio Version 16
VisualStudioVersion = 16.0.30717.126
MinimumVisualStudioVersion = 10.0.40219.1
Project("{9A19103F-16F7-4668-BE54-9A1E7A4F7556}") = "AtoCash", "AtoCash\AtoCash.csproj", "{FE5A5BD2-FF52-44E4-BFCB-DBB186668EC3}"
EndProject
Project("{E53339B2-1760-4266-BCC7-CA923CBCF16C}") = "docker-compose", "docker-compose.dcproj", "{69713C06-B974-4454-BF06-2A722458132E}"
EndProject
Project("{FAE04EC0-301F-11D3-BF4B-00C04F79EFBC}") = "EmailService", "..\EmailService\EmailService.csproj", "{7BDE17A9-ACBA-4CBB-A9D7-7571FD32382F}"
EndProject
Global
	GlobalSection(SolutionConfigurationPlatforms) = preSolution
		Debug|Any CPU = Debug|Any CPU
		Release|Any CPU = Release|Any CPU
	EndGlobalSection
	GlobalSection(ProjectConfigurationPlatforms) = postSolution
		{FE5A5BD2-FF52-44E4-BFCB-DBB186668EC3}.Debug|Any CPU.ActiveCfg = Debug|Any CPU
		{FE5A5BD2-FF52-44E4-BFCB-DBB186668EC3}.Debug|Any CPU.Build.0 = Debug|Any CPU
		{FE5A5BD2-FF52-44E4-BFCB-DBB186668EC3}.Release|Any CPU.ActiveCfg = Release|Any CPU
		{FE5A5BD2-FF52-44E4-BFCB-DBB186668EC3}.Release|Any CPU.Build.0 = Release|Any CPU
		{69713C06-B974-4454-BF06-2A722458132E}.Debug|Any CPU.ActiveCfg = Debug|Any CPU
		{69713C06-B974-4454-BF06-2A722458132E}.Debug|Any CPU.Build.0 = Debug|Any CPU
		{69713C06-B974-4454-BF06-2A722458132E}.Release|Any CPU.ActiveCfg = Release|Any CPU
		{69713C06-B974-4454-BF06-2A722458132E}.Release|Any CPU.Build.0 = Release|Any CPU
		{7BDE17A9-ACBA-4CBB-A9D7-7571FD32382F}.Debug|Any CPU.ActiveCfg = Debug|Any CPU
		{7BDE17A9-ACBA-4CBB-A9D7-7571FD32382F}.Debug|Any CPU.Build.0 = Debug|Any CPU
		{7BDE17A9-ACBA-4CBB-A9D7-7571FD32382F}.Release|Any CPU.ActiveCfg = Release|Any CPU
		{7BDE17A9-ACBA-4CBB-A9D7-7571FD32382F}.Release|Any CPU.Build.0 = Release|Any CPU
	EndGlobalSection
	GlobalSection(SolutionProperties) = preSolution
		HideSolutionNode = FALSE
	EndGlobalSection
	GlobalSection(ExtensibilityGlobals) = postSolution
		SolutionGuid = {E1DC3283-1C95-464E-9033-CFBF40CEF0D3}
	EndGlobalSection
EndGlobal
